
Microsoft Visual Studio Solution File, Format Version 12.00
# Visual Studio Version 17
VisualStudioVersion = 17.7.34031.279
MinimumVisualStudioVersion = 10.0.40219.1
Project("{FAE04EC0-301F-11D3-BF4B-00C04F79EFBC}") = "MauiTask2", "MauiTask2\MauiTask2.csproj", "{133E1421-F221-4E9A-9057-690FB61D4F1B}"
EndProject
Global
	GlobalSection(SolutionConfigurationPlatforms) = preSolution
		Debug|Any CPU = Debug|Any CPU
		Release|Any CPU = Release|Any CPU
	EndGlobalSection
	GlobalSection(ProjectConfigurationPlatforms) = postSolution
		{133E1421-F221-4E9A-9057-690FB61D4F1B}.Debug|Any CPU.ActiveCfg = Debug|Any CPU
		{133E1421-F221-4E9A-9057-690FB61D4F1B}.Debug|Any CPU.Build.0 = Debug|Any CPU
		{133E1421-F221-4E9A-9057-690FB61D4F1B}.Debug|Any CPU.Deploy.0 = Debug|Any CPU
		{133E1421-F221-4E9A-9057-690FB61D4F1B}.Release|Any CPU.ActiveCfg = Release|Any CPU
		{133E1421-F221-4E9A-9057-690FB61D4F1B}.Release|Any CPU.Build.0 = Release|Any CPU
		{133E1421-F221-4E9A-9057-690FB61D4F1B}.Release|Any CPU.Deploy.0 = Release|Any CPU
	EndGlobalSection
	GlobalSection(SolutionProperties) = preSolution
		HideSolutionNode = FALSE
	EndGlobalSection
	GlobalSection(ExtensibilityGlobals) = postSolution
		SolutionGuid = {CECA5FAE-B84E-47D8-9532-BF64339EF61A}
	EndGlobalSection
EndGlobal
